
Microsoft Visual Studio Solution File, Format Version 12.00
# Visual Studio Version 16
VisualStudioVersion = 16.0.30309.148
MinimumVisualStudioVersion = 10.0.40219.1
Project("{2150E333-8FDC-42A3-9474-1A3956D46DE8}") = "CSharp Language Features", "CSharp Language Features", "{F33A086A-EB27-4E2B-9132-471E040B7599}"
EndProject
Project("{FAE04EC0-301F-11D3-BF4B-00C04F79EFBC}") = "CSharp7_Features", "CSharp7_Features\CSharp7_Features.csproj", "{20114E9D-A25A-4D2D-9DA4-BD77B8BD9915}"
EndProject
Project("{2150E333-8FDC-42A3-9474-1A3956D46DE8}") = "DokumenteResourcen", "DokumenteResourcen", "{7D248BB5-DE4F-4824-930E-0C01991E49A2}"
	ProjectSection(SolutionItems) = preProject
		LinkCollection.txt = LinkCollection.txt
	EndProjectSection
EndProject
Project("{FAE04EC0-301F-11D3-BF4B-00C04F79EFBC}") = "CSharp71_Features", "CSharp71_Features\CSharp71_Features.csproj", "{A25E2EED-794E-4A6C-96DD-B4066CB20A5E}"
EndProject
Project("{FAE04EC0-301F-11D3-BF4B-00C04F79EFBC}") = "CSharp8_Features", "CSharp8_Features\CSharp8_Features.csproj", "{61E02C8B-E68C-434D-ACC4-18A11F5893CF}"
EndProject
Project("{FAE04EC0-301F-11D3-BF4B-00C04F79EFBC}") = "DelegatesUndEreignisse", "DelegatesUndEreignisse\DelegatesUndEreignisse.csproj", "{135063F7-0E1F-4182-80CD-0966CE48749B}"
EndProject
Project("{FAE04EC0-301F-11D3-BF4B-00C04F79EFBC}") = "DelegateAndCallback", "DelegateAndCallback\DelegateAndCallback.csproj", "{D11519D8-D0EB-43D3-B923-80E1BFA5C93D}"
EndProject
Project("{FAE04EC0-301F-11D3-BF4B-00C04F79EFBC}") = "EventsSample", "EventsSample\EventsSample.csproj", "{A3D7460A-61A1-4103-A94A-9AEEE82C45F9}"
EndProject
Project("{2150E333-8FDC-42A3-9474-1A3956D46DE8}") = "Delegates_Events_Action_Func", "Delegates_Events_Action_Func", "{0322D63B-4571-4FE2-B6EC-928082728FAD}"
EndProject
Project("{2150E333-8FDC-42A3-9474-1A3956D46DE8}") = "Solid_Prinzip", "Solid_Prinzip", "{52DBE10F-05F3-4386-BEF0-5D410B2ED889}"
EndProject
Project("{FAE04EC0-301F-11D3-BF4B-00C04F79EFBC}") = "001_Single_Reponsibility_Principle", "001_Single_Reponsibility_Principle\001_Single_Reponsibility_Principle.csproj", "{6D4345D6-E7B5-466F-8FCF-0E3016020DBA}"
EndProject
Project("{FAE04EC0-301F-11D3-BF4B-00C04F79EFBC}") = "002_Open_Closed_Principle_OCP", "002_Open_Closed_Principle_OCP\002_Open_Closed_Principle_OCP.csproj", "{DF901A72-86AC-4270-B158-0F96F31FFC2E}"
EndProject
Project("{FAE04EC0-301F-11D3-BF4B-00C04F79EFBC}") = "03_Liskov_substitution_principle_LSP", "03_Liskov_substitution_principle_LSP\03_Liskov_substitution_principle_LSP.csproj", "{F9661706-9A7A-4DB5-B81E-FB7F80C11CD9}"
EndProject
Project("{FAE04EC0-301F-11D3-BF4B-00C04F79EFBC}") = "04_Interface_segregation_principle_ISP", "04_Interface_segregation_principle_ISP\04_Interface_segregation_principle_ISP.csproj", "{2AB68D62-6B30-4873-99D4-962C60166DCD}"
EndProject
Project("{FAE04EC0-301F-11D3-BF4B-00C04F79EFBC}") = "05_Dependency_inversion_principle_DIP", "05_Dependency_inversion_principle_DIP\05_Dependency_inversion_principle_DIP.csproj", "{65A7A719-D6A7-412A-9299-12F818027D18}"
EndProject
Project("{2150E333-8FDC-42A3-9474-1A3956D46DE8}") = "Reflections", "Reflections", "{7FED5146-4B5B-4475-B518-CF01DFF31BBD}"
EndProject
Project("{FAE04EC0-301F-11D3-BF4B-00C04F79EFBC}") = "Rechner", "Rechner\Rechner.csproj", "{FD55E64A-104F-44D3-B132-9F11726FA33F}"
EndProject
Project("{FAE04EC0-301F-11D3-BF4B-00C04F79EFBC}") = "TrumpRechner", "TrumpRechner\TrumpRechner.csproj", "{5EE0B5B1-9EEA-43A1-8B57-8BC92829CA73}"
EndProject
Project("{FAE04EC0-301F-11D3-BF4B-00C04F79EFBC}") = "HalloReflections", "HalloReflections\HalloReflections.csproj", "{2FA49AAB-7A27-46EE-9FD6-10A4FD064755}"
EndProject
Global
	GlobalSection(SolutionConfigurationPlatforms) = preSolution
		Debug|Any CPU = Debug|Any CPU
		Release|Any CPU = Release|Any CPU
	EndGlobalSection
	GlobalSection(ProjectConfigurationPlatforms) = postSolution
		{20114E9D-A25A-4D2D-9DA4-BD77B8BD9915}.Debug|Any CPU.ActiveCfg = Debug|Any CPU
		{20114E9D-A25A-4D2D-9DA4-BD77B8BD9915}.Debug|Any CPU.Build.0 = Debug|Any CPU
		{20114E9D-A25A-4D2D-9DA4-BD77B8BD9915}.Release|Any CPU.ActiveCfg = Release|Any CPU
		{20114E9D-A25A-4D2D-9DA4-BD77B8BD9915}.Release|Any CPU.Build.0 = Release|Any CPU
		{A25E2EED-794E-4A6C-96DD-B4066CB20A5E}.Debug|Any CPU.ActiveCfg = Debug|Any CPU
		{A25E2EED-794E-4A6C-96DD-B4066CB20A5E}.Debug|Any CPU.Build.0 = Debug|Any CPU
		{A25E2EED-794E-4A6C-96DD-B4066CB20A5E}.Release|Any CPU.ActiveCfg = Release|Any CPU
		{A25E2EED-794E-4A6C-96DD-B4066CB20A5E}.Release|Any CPU.Build.0 = Release|Any CPU
		{61E02C8B-E68C-434D-ACC4-18A11F5893CF}.Debug|Any CPU.ActiveCfg = Debug|Any CPU
		{61E02C8B-E68C-434D-ACC4-18A11F5893CF}.Debug|Any CPU.Build.0 = Debug|Any CPU
		{61E02C8B-E68C-434D-ACC4-18A11F5893CF}.Release|Any CPU.ActiveCfg = Release|Any CPU
		{61E02C8B-E68C-434D-ACC4-18A11F5893CF}.Release|Any CPU.Build.0 = Release|Any CPU
		{135063F7-0E1F-4182-80CD-0966CE48749B}.Debug|Any CPU.ActiveCfg = Debug|Any CPU
		{135063F7-0E1F-4182-80CD-0966CE48749B}.Debug|Any CPU.Build.0 = Debug|Any CPU
		{135063F7-0E1F-4182-80CD-0966CE48749B}.Release|Any CPU.ActiveCfg = Release|Any CPU
		{135063F7-0E1F-4182-80CD-0966CE48749B}.Release|Any CPU.Build.0 = Release|Any CPU
		{D11519D8-D0EB-43D3-B923-80E1BFA5C93D}.Debug|Any CPU.ActiveCfg = Debug|Any CPU
		{D11519D8-D0EB-43D3-B923-80E1BFA5C93D}.Debug|Any CPU.Build.0 = Debug|Any CPU
		{D11519D8-D0EB-43D3-B923-80E1BFA5C93D}.Release|Any CPU.ActiveCfg = Release|Any CPU
		{D11519D8-D0EB-43D3-B923-80E1BFA5C93D}.Release|Any CPU.Build.0 = Release|Any CPU
		{A3D7460A-61A1-4103-A94A-9AEEE82C45F9}.Debug|Any CPU.ActiveCfg = Debug|Any CPU
		{A3D7460A-61A1-4103-A94A-9AEEE82C45F9}.Debug|Any CPU.Build.0 = Debug|Any CPU
		{A3D7460A-61A1-4103-A94A-9AEEE82C45F9}.Release|Any CPU.ActiveCfg = Release|Any CPU
		{A3D7460A-61A1-4103-A94A-9AEEE82C45F9}.Release|Any CPU.Build.0 = Release|Any CPU
		{6D4345D6-E7B5-466F-8FCF-0E3016020DBA}.Debug|Any CPU.ActiveCfg = Debug|Any CPU
		{6D4345D6-E7B5-466F-8FCF-0E3016020DBA}.Debug|Any CPU.Build.0 = Debug|Any CPU
		{6D4345D6-E7B5-466F-8FCF-0E3016020DBA}.Release|Any CPU.ActiveCfg = Release|Any CPU
		{6D4345D6-E7B5-466F-8FCF-0E3016020DBA}.Release|Any CPU.Build.0 = Release|Any CPU
		{DF901A72-86AC-4270-B158-0F96F31FFC2E}.Debug|Any CPU.ActiveCfg = Debug|Any CPU
		{DF901A72-86AC-4270-B158-0F96F31FFC2E}.Debug|Any CPU.Build.0 = Debug|Any CPU
		{DF901A72-86AC-4270-B158-0F96F31FFC2E}.Release|Any CPU.ActiveCfg = Release|Any CPU
		{DF901A72-86AC-4270-B158-0F96F31FFC2E}.Release|Any CPU.Build.0 = Release|Any CPU
		{F9661706-9A7A-4DB5-B81E-FB7F80C11CD9}.Debug|Any CPU.ActiveCfg = Debug|Any CPU
		{F9661706-9A7A-4DB5-B81E-FB7F80C11CD9}.Debug|Any CPU.Build.0 = Debug|Any CPU
		{F9661706-9A7A-4DB5-B81E-FB7F80C11CD9}.Release|Any CPU.ActiveCfg = Release|Any CPU
		{F9661706-9A7A-4DB5-B81E-FB7F80C11CD9}.Release|Any CPU.Build.0 = Release|Any CPU
		{2AB68D62-6B30-4873-99D4-962C60166DCD}.Debug|Any CPU.ActiveCfg = Debug|Any CPU
		{2AB68D62-6B30-4873-99D4-962C60166DCD}.Debug|Any CPU.Build.0 = Debug|Any CPU
		{2AB68D62-6B30-4873-99D4-962C60166DCD}.Release|Any CPU.ActiveCfg = Release|Any CPU
		{2AB68D62-6B30-4873-99D4-962C60166DCD}.Release|Any CPU.Build.0 = Release|Any CPU
		{65A7A719-D6A7-412A-9299-12F818027D18}.Debug|Any CPU.ActiveCfg = Debug|Any CPU
		{65A7A719-D6A7-412A-9299-12F818027D18}.Debug|Any CPU.Build.0 = Debug|Any CPU
		{65A7A719-D6A7-412A-9299-12F818027D18}.Release|Any CPU.ActiveCfg = Release|Any CPU
		{65A7A719-D6A7-412A-9299-12F818027D18}.Release|Any CPU.Build.0 = Release|Any CPU
		{FD55E64A-104F-44D3-B132-9F11726FA33F}.Debug|Any CPU.ActiveCfg = Debug|Any CPU
		{FD55E64A-104F-44D3-B132-9F11726FA33F}.Debug|Any CPU.Build.0 = Debug|Any CPU
		{FD55E64A-104F-44D3-B132-9F11726FA33F}.Release|Any CPU.ActiveCfg = Release|Any CPU
		{FD55E64A-104F-44D3-B132-9F11726FA33F}.Release|Any CPU.Build.0 = Release|Any CPU
		{5EE0B5B1-9EEA-43A1-8B57-8BC92829CA73}.Debug|Any CPU.ActiveCfg = Debug|Any CPU
		{5EE0B5B1-9EEA-43A1-8B57-8BC92829CA73}.Debug|Any CPU.Build.0 = Debug|Any CPU
		{5EE0B5B1-9EEA-43A1-8B57-8BC92829CA73}.Release|Any CPU.ActiveCfg = Release|Any CPU
		{5EE0B5B1-9EEA-43A1-8B57-8BC92829CA73}.Release|Any CPU.Build.0 = Release|Any CPU
		{2FA49AAB-7A27-46EE-9FD6-10A4FD064755}.Debug|Any CPU.ActiveCfg = Debug|Any CPU
		{2FA49AAB-7A27-46EE-9FD6-10A4FD064755}.Debug|Any CPU.Build.0 = Debug|Any CPU
		{2FA49AAB-7A27-46EE-9FD6-10A4FD064755}.Release|Any CPU.ActiveCfg = Release|Any CPU
		{2FA49AAB-7A27-46EE-9FD6-10A4FD064755}.Release|Any CPU.Build.0 = Release|Any CPU
	EndGlobalSection
	GlobalSection(SolutionProperties) = preSolution
		HideSolutionNode = FALSE
	EndGlobalSection
	GlobalSection(NestedProjects) = preSolution
		{20114E9D-A25A-4D2D-9DA4-BD77B8BD9915} = {F33A086A-EB27-4E2B-9132-471E040B7599}
		{A25E2EED-794E-4A6C-96DD-B4066CB20A5E} = {F33A086A-EB27-4E2B-9132-471E040B7599}
		{61E02C8B-E68C-434D-ACC4-18A11F5893CF} = {F33A086A-EB27-4E2B-9132-471E040B7599}
		{135063F7-0E1F-4182-80CD-0966CE48749B} = {0322D63B-4571-4FE2-B6EC-928082728FAD}
		{D11519D8-D0EB-43D3-B923-80E1BFA5C93D} = {0322D63B-4571-4FE2-B6EC-928082728FAD}
		{A3D7460A-61A1-4103-A94A-9AEEE82C45F9} = {0322D63B-4571-4FE2-B6EC-928082728FAD}
		{6D4345D6-E7B5-466F-8FCF-0E3016020DBA} = {52DBE10F-05F3-4386-BEF0-5D410B2ED889}
		{DF901A72-86AC-4270-B158-0F96F31FFC2E} = {52DBE10F-05F3-4386-BEF0-5D410B2ED889}
		{F9661706-9A7A-4DB5-B81E-FB7F80C11CD9} = {52DBE10F-05F3-4386-BEF0-5D410B2ED889}
		{2AB68D62-6B30-4873-99D4-962C60166DCD} = {52DBE10F-05F3-4386-BEF0-5D410B2ED889}
		{65A7A719-D6A7-412A-9299-12F818027D18} = {52DBE10F-05F3-4386-BEF0-5D410B2ED889}
		{FD55E64A-104F-44D3-B132-9F11726FA33F} = {7FED5146-4B5B-4475-B518-CF01DFF31BBD}
		{5EE0B5B1-9EEA-43A1-8B57-8BC92829CA73} = {7FED5146-4B5B-4475-B518-CF01DFF31BBD}
		{2FA49AAB-7A27-46EE-9FD6-10A4FD064755} = {7FED5146-4B5B-4475-B518-CF01DFF31BBD}
	EndGlobalSection
	GlobalSection(ExtensibilityGlobals) = postSolution
		SolutionGuid = {A2BAA90E-2A0C-46FA-88DB-B385D1BE47EB}
	EndGlobalSection
EndGlobal
