
Microsoft Visual Studio Solution File, Format Version 12.00
# Visual Studio Version 16
VisualStudioVersion = 16.0.30309.148
MinimumVisualStudioVersion = 10.0.40219.1
Project("{2150E333-8FDC-42A3-9474-1A3956D46DE8}") = "CSharp Language Features", "CSharp Language Features", "{F33A086A-EB27-4E2B-9132-471E040B7599}"
EndProject
Project("{9A19103F-16F7-4668-BE54-9A1E7A4F7556}") = "CSharp7_Features", "CSharp7_Features\CSharp7_Features.csproj", "{20114E9D-A25A-4D2D-9DA4-BD77B8BD9915}"
EndProject
Project("{2150E333-8FDC-42A3-9474-1A3956D46DE8}") = "DokumenteResourcen", "DokumenteResourcen", "{7D248BB5-DE4F-4824-930E-0C01991E49A2}"
	ProjectSection(SolutionItems) = preProject
		LinkCollection.txt = LinkCollection.txt
	EndProjectSection
EndProject
Project("{9A19103F-16F7-4668-BE54-9A1E7A4F7556}") = "CSharp71_Features", "CSharp71_Features\CSharp71_Features.csproj", "{A25E2EED-794E-4A6C-96DD-B4066CB20A5E}"
EndProject
Project("{9A19103F-16F7-4668-BE54-9A1E7A4F7556}") = "CSharp8_Features", "CSharp8_Features\CSharp8_Features.csproj", "{61E02C8B-E68C-434D-ACC4-18A11F5893CF}"
EndProject
Project("{9A19103F-16F7-4668-BE54-9A1E7A4F7556}") = "DelegatesUndEreignisse", "DelegatesUndEreignisse\DelegatesUndEreignisse.csproj", "{135063F7-0E1F-4182-80CD-0966CE48749B}"
EndProject
Project("{9A19103F-16F7-4668-BE54-9A1E7A4F7556}") = "DelegateAndCallback", "DelegateAndCallback\DelegateAndCallback.csproj", "{D11519D8-D0EB-43D3-B923-80E1BFA5C93D}"
EndProject
Project("{9A19103F-16F7-4668-BE54-9A1E7A4F7556}") = "EventsSample", "EventsSample\EventsSample.csproj", "{A3D7460A-61A1-4103-A94A-9AEEE82C45F9}"
EndProject
Project("{2150E333-8FDC-42A3-9474-1A3956D46DE8}") = "Delegates_Events_Action_Func", "Delegates_Events_Action_Func", "{0322D63B-4571-4FE2-B6EC-928082728FAD}"
EndProject
Project("{2150E333-8FDC-42A3-9474-1A3956D46DE8}") = "Solid_Prinzip", "Solid_Prinzip", "{52DBE10F-05F3-4386-BEF0-5D410B2ED889}"
EndProject
Project("{9A19103F-16F7-4668-BE54-9A1E7A4F7556}") = "001_Single_Reponsibility_Principle", "001_Single_Reponsibility_Principle\001_Single_Reponsibility_Principle.csproj", "{6D4345D6-E7B5-466F-8FCF-0E3016020DBA}"
EndProject
Project("{9A19103F-16F7-4668-BE54-9A1E7A4F7556}") = "002_Open_Closed_Principle_OCP", "002_Open_Closed_Principle_OCP\002_Open_Closed_Principle_OCP.csproj", "{DF901A72-86AC-4270-B158-0F96F31FFC2E}"
EndProject
Project("{9A19103F-16F7-4668-BE54-9A1E7A4F7556}") = "03_Liskov_substitution_principle_LSP", "03_Liskov_substitution_principle_LSP\03_Liskov_substitution_principle_LSP.csproj", "{F9661706-9A7A-4DB5-B81E-FB7F80C11CD9}"
EndProject
Project("{9A19103F-16F7-4668-BE54-9A1E7A4F7556}") = "04_Interface_segregation_principle_ISP", "04_Interface_segregation_principle_ISP\04_Interface_segregation_principle_ISP.csproj", "{2AB68D62-6B30-4873-99D4-962C60166DCD}"
EndProject
Project("{9A19103F-16F7-4668-BE54-9A1E7A4F7556}") = "05_Dependency_inversion_principle_DIP", "05_Dependency_inversion_principle_DIP\05_Dependency_inversion_principle_DIP.csproj", "{65A7A719-D6A7-412A-9299-12F818027D18}"
EndProject
Project("{2150E333-8FDC-42A3-9474-1A3956D46DE8}") = "Reflections", "Reflections", "{7FED5146-4B5B-4475-B518-CF01DFF31BBD}"
EndProject
Project("{9A19103F-16F7-4668-BE54-9A1E7A4F7556}") = "Rechner", "Rechner\Rechner.csproj", "{FD55E64A-104F-44D3-B132-9F11726FA33F}"
EndProject
Project("{9A19103F-16F7-4668-BE54-9A1E7A4F7556}") = "TrumpRechner", "TrumpRechner\TrumpRechner.csproj", "{5EE0B5B1-9EEA-43A1-8B57-8BC92829CA73}"
EndProject
Project("{9A19103F-16F7-4668-BE54-9A1E7A4F7556}") = "HalloReflections", "HalloReflections\HalloReflections.csproj", "{2FA49AAB-7A27-46EE-9FD6-10A4FD064755}"
EndProject
Project("{2150E333-8FDC-42A3-9474-1A3956D46DE8}") = "WiederholungTag1", "WiederholungTag1", "{4A3D9257-6A33-42E0-A13F-7D3728A1E534}"
EndProject
Project("{9A19103F-16F7-4668-BE54-9A1E7A4F7556}") = "DependencyInjection", "DependencyInjection\DependencyInjection.csproj", "{AB230C9F-1086-41AA-9805-C4D3B948D86C}"
EndProject
Project("{2150E333-8FDC-42A3-9474-1A3956D46DE8}") = "Generics", "Generics", "{43693AB5-1478-41A5-83BF-E21AD6F73BA9}"
EndProject
Project("{9A19103F-16F7-4668-BE54-9A1E7A4F7556}") = "GenericsSamples", "GenericsSamples\GenericsSamples.csproj", "{7B349DFA-DBF9-4C9C-B0A1-FFE90FF447E0}"
EndProject
Project("{9A19103F-16F7-4668-BE54-9A1E7A4F7556}") = "Gernics_Constraints", "Gernics_Constraints\Gernics_Constraints.csproj", "{95D2A723-BBF6-455B-BFBA-B15B392FABBA}"
EndProject
Project("{2150E333-8FDC-42A3-9474-1A3956D46DE8}") = "StringBuilder Performance", "StringBuilder Performance", "{61CC5530-89D8-4FAC-9FA7-C83FAB70309A}"
EndProject
Project("{9A19103F-16F7-4668-BE54-9A1E7A4F7556}") = "StringBuilderBenachmarkTest", "StringBuilderBenachmarkTest\StringBuilderBenachmarkTest.csproj", "{CAF4FD3F-8BF3-4E20-96DE-CC092763297B}"
EndProject
Project("{2150E333-8FDC-42A3-9474-1A3956D46DE8}") = "Erweiterungsmethoden", "Erweiterungsmethoden", "{065688B6-CAC9-467C-97C9-4A8BF5FCDEDB}"
EndProject
Project("{9A19103F-16F7-4668-BE54-9A1E7A4F7556}") = "ErweiterungsmethodenSample", "ErweiterungsmethodenSample\ErweiterungsmethodenSample.csproj", "{68794A78-B902-4C26-95E3-BF72F36ED8DA}"
EndProject
Project("{9A19103F-16F7-4668-BE54-9A1E7A4F7556}") = "ErweitungsmethodenLib", "ErweitungsmethodenLib\ErweitungsmethodenLib.csproj", "{FCEB4F71-A429-443B-8783-3B62F3A8145B}"
EndProject
Project("{FAE04EC0-301F-11D3-BF4B-00C04F79EFBC}") = "TheLinqSample_InNet48", "TheLinqSample_InNet48\TheLinqSample_InNet48.csproj", "{3BB129F0-1012-46B8-A8C2-413FD602C9FC}"
EndProject
Project("{9A19103F-16F7-4668-BE54-9A1E7A4F7556}") = "TheLinqSample_InNetCore31", "TheLinqSample_InNetCore31\TheLinqSample_InNetCore31.csproj", "{D2AFD95F-EE12-4C70-84DE-A785A1ECA70A}"
EndProject
Project("{9A19103F-16F7-4668-BE54-9A1E7A4F7556}") = "TheDogLibrary", "TheDogLibrary\TheDogLibrary.csproj", "{EE27F504-E724-4552-9395-B10E9F97A499}"
EndProject
Project("{9A19103F-16F7-4668-BE54-9A1E7A4F7556}") = "TheDogApp", "TheDogApp\TheDogApp.csproj", "{66222973-CB33-41F3-A801-B376C2D22A7A}"
EndProject
Project("{9A19103F-16F7-4668-BE54-9A1E7A4F7556}") = "ErweitungsmethodenBeiInterfaces", "ErweitungsmethodenBeiInterfaces\ErweitungsmethodenBeiInterfaces.csproj", "{25BE8713-2F41-4351-803F-20652CF7055A}"
EndProject
Project("{2150E333-8FDC-42A3-9474-1A3956D46DE8}") = "Operatoren", "Operatoren", "{B375674F-D747-4F1D-A918-1AB50408C8CA}"
EndProject
Project("{9A19103F-16F7-4668-BE54-9A1E7A4F7556}") = "OperatorenSample", "OperatorenSample\OperatorenSample.csproj", "{D3225DD6-46E4-4241-84CB-614BBA72DCF9}"
EndProject
Project("{2150E333-8FDC-42A3-9474-1A3956D46DE8}") = "Serialisierung", "Serialisierung", "{975EAA66-DBFA-451C-97BD-8625C7EC4B17}"
EndProject
Project("{9A19103F-16F7-4668-BE54-9A1E7A4F7556}") = "SerialisierungsSample", "SerialisierungsSample\SerialisierungsSample.csproj", "{4D5F57D4-C71B-4461-A9C0-236CCBD7263A}"
EndProject
Project("{9A19103F-16F7-4668-BE54-9A1E7A4F7556}") = "DelegatesWiederholung", "DelegatesWiederholung\DelegatesWiederholung.csproj", "{144EA3F9-C45B-46C4-BA7C-653E4680B1FE}"
EndProject
Project("{FAE04EC0-301F-11D3-BF4B-00C04F79EFBC}") = "WinFormsEvents", "WinFormsEvents\WinFormsEvents.csproj", "{AB41F057-5E8D-40FA-9A09-8FF0D3B40570}"
EndProject
Project("{9A19103F-16F7-4668-BE54-9A1E7A4F7556}") = "DelegatesUndEvents", "DelegatesUndEvents\DelegatesUndEvents.csproj", "{892E85E0-835D-4818-8427-45CA3A6A2931}"
EndProject
Project("{2150E333-8FDC-42A3-9474-1A3956D46DE8}") = "WiederholungTag2", "WiederholungTag2", "{AED952F9-BEDF-4094-8193-007FCEE9A92B}"
EndProject
Project("{9A19103F-16F7-4668-BE54-9A1E7A4F7556}") = "TryCatchAndUsing", "TryCatchAndUsing\TryCatchAndUsing.csproj", "{62402727-EB52-4D2B-8F79-7A65F4CD103D}"
EndProject
Project("{2150E333-8FDC-42A3-9474-1A3956D46DE8}") = "Threading_TPL", "Threading_TPL", "{C1782507-451A-47DF-BEB2-0D2CF22AAF4D}"
EndProject
Project("{9A19103F-16F7-4668-BE54-9A1E7A4F7556}") = "Thread_Demo", "Thread_Demo\Thread_Demo.csproj", "{D5E4D232-AD7C-4279-8864-B097B8C2F372}"
EndProject
Project("{9A19103F-16F7-4668-BE54-9A1E7A4F7556}") = "DeadLockSample", "DeadLockSample\DeadLockSample.csproj", "{F22C4AA2-8608-4394-BE58-E58510E23844}"
EndProject
Project("{9A19103F-16F7-4668-BE54-9A1E7A4F7556}") = "MutexSample", "MutexSample\MutexSample.csproj", "{7BD204A0-2775-4025-96C9-475965DB8113}"
EndProject
Project("{9A19103F-16F7-4668-BE54-9A1E7A4F7556}") = "TPL", "TPL\TPL.csproj", "{63AA79D1-9E47-4270-9DBA-35A05E5F4882}"
EndProject
Project("{FAE04EC0-301F-11D3-BF4B-00C04F79EFBC}") = "Async_Await_Demo", "Async_Await_Demo\Async_Await_Demo.csproj", "{2A95CF3B-2F44-474A-9441-D8708CAE702E}"
EndProject
Project("{FAE04EC0-301F-11D3-BF4B-00C04F79EFBC}") = "Async_Await_With_ReturnValues", "Async_Await_With_ReturnValues\Async_Await_With_ReturnValues.csproj", "{0EE1A637-FDAC-4099-B454-BA5CECC223DB}"
EndProject
Project("{2150E333-8FDC-42A3-9474-1A3956D46DE8}") = "Linq_Lambda", "Linq_Lambda", "{9014FB87-FCFD-438E-9782-9B61F48A548A}"
EndProject
Project("{FAE04EC0-301F-11D3-BF4B-00C04F79EFBC}") = "LinqSample", "LinqSample\LinqSample.csproj", "{A43B81CC-EE58-43DB-814E-F0C1E3763B3A}"
EndProject
Project("{FAE04EC0-301F-11D3-BF4B-00C04F79EFBC}") = "LambdaSample", "LambdaSample\LambdaSample.csproj", "{996FA958-10CF-46EC-B07B-94A5F80D1F56}"
EndProject
Project("{2150E333-8FDC-42A3-9474-1A3956D46DE8}") = "EF Application", "EF Application", "{B542F065-EB45-4C9B-A543-BED1806C3430}"
EndProject
Project("{FAE04EC0-301F-11D3-BF4B-00C04F79EFBC}") = "Domain", "Domain\Domain.csproj", "{9AB9C439-547B-4836-B931-254147530299}"
EndProject
Project("{FAE04EC0-301F-11D3-BF4B-00C04F79EFBC}") = "DataAccessLayer", "DataAccessLayer\DataAccessLayer.csproj", "{C49947CB-4790-4430-826B-9655271BC930}"
EndProject
Project("{FAE04EC0-301F-11D3-BF4B-00C04F79EFBC}") = "DBFirstWithEF", "DBFirstWithEF\DBFirstWithEF.csproj", "{9FB1136C-D58E-46C9-AB2B-85BC300A72D1}"
EndProject
Project("{FAE04EC0-301F-11D3-BF4B-00C04F79EFBC}") = "CodeFirstReverseMitEF", "CodeFirstReverseMitEF\CodeFirstReverseMitEF.csproj", "{A19BA891-4DB2-40F2-B3BF-0C2B933A6062}"
EndProject
Project("{FAE04EC0-301F-11D3-BF4B-00C04F79EFBC}") = "EFNet48_WithCodeFirstReverse", "EFNet48_WithCodeFirstReverse\EFNet48_WithCodeFirstReverse.csproj", "{2E9E7BAC-C1FB-473D-8200-DBA92F46E39F}"
EndProject
Project("{FAE04EC0-301F-11D3-BF4B-00C04F79EFBC}") = "GeoDBClient", "GeoDBClient\GeoDBClient.csproj", "{134265A7-3C6A-4E09-8EF8-0FB9AEB112BB}"
EndProject
Global
	GlobalSection(SolutionConfigurationPlatforms) = preSolution
		Debug|Any CPU = Debug|Any CPU
		Release|Any CPU = Release|Any CPU
	EndGlobalSection
	GlobalSection(ProjectConfigurationPlatforms) = postSolution
		{20114E9D-A25A-4D2D-9DA4-BD77B8BD9915}.Debug|Any CPU.ActiveCfg = Debug|Any CPU
		{20114E9D-A25A-4D2D-9DA4-BD77B8BD9915}.Debug|Any CPU.Build.0 = Debug|Any CPU
		{20114E9D-A25A-4D2D-9DA4-BD77B8BD9915}.Release|Any CPU.ActiveCfg = Release|Any CPU
		{20114E9D-A25A-4D2D-9DA4-BD77B8BD9915}.Release|Any CPU.Build.0 = Release|Any CPU
		{A25E2EED-794E-4A6C-96DD-B4066CB20A5E}.Debug|Any CPU.ActiveCfg = Debug|Any CPU
		{A25E2EED-794E-4A6C-96DD-B4066CB20A5E}.Debug|Any CPU.Build.0 = Debug|Any CPU
		{A25E2EED-794E-4A6C-96DD-B4066CB20A5E}.Release|Any CPU.ActiveCfg = Release|Any CPU
		{A25E2EED-794E-4A6C-96DD-B4066CB20A5E}.Release|Any CPU.Build.0 = Release|Any CPU
		{61E02C8B-E68C-434D-ACC4-18A11F5893CF}.Debug|Any CPU.ActiveCfg = Debug|Any CPU
		{61E02C8B-E68C-434D-ACC4-18A11F5893CF}.Debug|Any CPU.Build.0 = Debug|Any CPU
		{61E02C8B-E68C-434D-ACC4-18A11F5893CF}.Release|Any CPU.ActiveCfg = Release|Any CPU
		{61E02C8B-E68C-434D-ACC4-18A11F5893CF}.Release|Any CPU.Build.0 = Release|Any CPU
		{135063F7-0E1F-4182-80CD-0966CE48749B}.Debug|Any CPU.ActiveCfg = Debug|Any CPU
		{135063F7-0E1F-4182-80CD-0966CE48749B}.Debug|Any CPU.Build.0 = Debug|Any CPU
		{135063F7-0E1F-4182-80CD-0966CE48749B}.Release|Any CPU.ActiveCfg = Release|Any CPU
		{135063F7-0E1F-4182-80CD-0966CE48749B}.Release|Any CPU.Build.0 = Release|Any CPU
		{D11519D8-D0EB-43D3-B923-80E1BFA5C93D}.Debug|Any CPU.ActiveCfg = Debug|Any CPU
		{D11519D8-D0EB-43D3-B923-80E1BFA5C93D}.Debug|Any CPU.Build.0 = Debug|Any CPU
		{D11519D8-D0EB-43D3-B923-80E1BFA5C93D}.Release|Any CPU.ActiveCfg = Release|Any CPU
		{D11519D8-D0EB-43D3-B923-80E1BFA5C93D}.Release|Any CPU.Build.0 = Release|Any CPU
		{A3D7460A-61A1-4103-A94A-9AEEE82C45F9}.Debug|Any CPU.ActiveCfg = Debug|Any CPU
		{A3D7460A-61A1-4103-A94A-9AEEE82C45F9}.Debug|Any CPU.Build.0 = Debug|Any CPU
		{A3D7460A-61A1-4103-A94A-9AEEE82C45F9}.Release|Any CPU.ActiveCfg = Release|Any CPU
		{A3D7460A-61A1-4103-A94A-9AEEE82C45F9}.Release|Any CPU.Build.0 = Release|Any CPU
		{6D4345D6-E7B5-466F-8FCF-0E3016020DBA}.Debug|Any CPU.ActiveCfg = Debug|Any CPU
		{6D4345D6-E7B5-466F-8FCF-0E3016020DBA}.Debug|Any CPU.Build.0 = Debug|Any CPU
		{6D4345D6-E7B5-466F-8FCF-0E3016020DBA}.Release|Any CPU.ActiveCfg = Release|Any CPU
		{6D4345D6-E7B5-466F-8FCF-0E3016020DBA}.Release|Any CPU.Build.0 = Release|Any CPU
		{DF901A72-86AC-4270-B158-0F96F31FFC2E}.Debug|Any CPU.ActiveCfg = Debug|Any CPU
		{DF901A72-86AC-4270-B158-0F96F31FFC2E}.Debug|Any CPU.Build.0 = Debug|Any CPU
		{DF901A72-86AC-4270-B158-0F96F31FFC2E}.Release|Any CPU.ActiveCfg = Release|Any CPU
		{DF901A72-86AC-4270-B158-0F96F31FFC2E}.Release|Any CPU.Build.0 = Release|Any CPU
		{F9661706-9A7A-4DB5-B81E-FB7F80C11CD9}.Debug|Any CPU.ActiveCfg = Debug|Any CPU
		{F9661706-9A7A-4DB5-B81E-FB7F80C11CD9}.Debug|Any CPU.Build.0 = Debug|Any CPU
		{F9661706-9A7A-4DB5-B81E-FB7F80C11CD9}.Release|Any CPU.ActiveCfg = Release|Any CPU
		{F9661706-9A7A-4DB5-B81E-FB7F80C11CD9}.Release|Any CPU.Build.0 = Release|Any CPU
		{2AB68D62-6B30-4873-99D4-962C60166DCD}.Debug|Any CPU.ActiveCfg = Debug|Any CPU
		{2AB68D62-6B30-4873-99D4-962C60166DCD}.Debug|Any CPU.Build.0 = Debug|Any CPU
		{2AB68D62-6B30-4873-99D4-962C60166DCD}.Release|Any CPU.ActiveCfg = Release|Any CPU
		{2AB68D62-6B30-4873-99D4-962C60166DCD}.Release|Any CPU.Build.0 = Release|Any CPU
		{65A7A719-D6A7-412A-9299-12F818027D18}.Debug|Any CPU.ActiveCfg = Debug|Any CPU
		{65A7A719-D6A7-412A-9299-12F818027D18}.Debug|Any CPU.Build.0 = Debug|Any CPU
		{65A7A719-D6A7-412A-9299-12F818027D18}.Release|Any CPU.ActiveCfg = Release|Any CPU
		{65A7A719-D6A7-412A-9299-12F818027D18}.Release|Any CPU.Build.0 = Release|Any CPU
		{FD55E64A-104F-44D3-B132-9F11726FA33F}.Debug|Any CPU.ActiveCfg = Debug|Any CPU
		{FD55E64A-104F-44D3-B132-9F11726FA33F}.Debug|Any CPU.Build.0 = Debug|Any CPU
		{FD55E64A-104F-44D3-B132-9F11726FA33F}.Release|Any CPU.ActiveCfg = Release|Any CPU
		{FD55E64A-104F-44D3-B132-9F11726FA33F}.Release|Any CPU.Build.0 = Release|Any CPU
		{5EE0B5B1-9EEA-43A1-8B57-8BC92829CA73}.Debug|Any CPU.ActiveCfg = Debug|Any CPU
		{5EE0B5B1-9EEA-43A1-8B57-8BC92829CA73}.Debug|Any CPU.Build.0 = Debug|Any CPU
		{5EE0B5B1-9EEA-43A1-8B57-8BC92829CA73}.Release|Any CPU.ActiveCfg = Release|Any CPU
		{5EE0B5B1-9EEA-43A1-8B57-8BC92829CA73}.Release|Any CPU.Build.0 = Release|Any CPU
		{2FA49AAB-7A27-46EE-9FD6-10A4FD064755}.Debug|Any CPU.ActiveCfg = Debug|Any CPU
		{2FA49AAB-7A27-46EE-9FD6-10A4FD064755}.Debug|Any CPU.Build.0 = Debug|Any CPU
		{2FA49AAB-7A27-46EE-9FD6-10A4FD064755}.Release|Any CPU.ActiveCfg = Release|Any CPU
		{2FA49AAB-7A27-46EE-9FD6-10A4FD064755}.Release|Any CPU.Build.0 = Release|Any CPU
		{AB230C9F-1086-41AA-9805-C4D3B948D86C}.Debug|Any CPU.ActiveCfg = Debug|Any CPU
		{AB230C9F-1086-41AA-9805-C4D3B948D86C}.Debug|Any CPU.Build.0 = Debug|Any CPU
		{AB230C9F-1086-41AA-9805-C4D3B948D86C}.Release|Any CPU.ActiveCfg = Release|Any CPU
		{AB230C9F-1086-41AA-9805-C4D3B948D86C}.Release|Any CPU.Build.0 = Release|Any CPU
		{7B349DFA-DBF9-4C9C-B0A1-FFE90FF447E0}.Debug|Any CPU.ActiveCfg = Debug|Any CPU
		{7B349DFA-DBF9-4C9C-B0A1-FFE90FF447E0}.Debug|Any CPU.Build.0 = Debug|Any CPU
		{7B349DFA-DBF9-4C9C-B0A1-FFE90FF447E0}.Release|Any CPU.ActiveCfg = Release|Any CPU
		{7B349DFA-DBF9-4C9C-B0A1-FFE90FF447E0}.Release|Any CPU.Build.0 = Release|Any CPU
		{95D2A723-BBF6-455B-BFBA-B15B392FABBA}.Debug|Any CPU.ActiveCfg = Debug|Any CPU
		{95D2A723-BBF6-455B-BFBA-B15B392FABBA}.Debug|Any CPU.Build.0 = Debug|Any CPU
		{95D2A723-BBF6-455B-BFBA-B15B392FABBA}.Release|Any CPU.ActiveCfg = Release|Any CPU
		{95D2A723-BBF6-455B-BFBA-B15B392FABBA}.Release|Any CPU.Build.0 = Release|Any CPU
		{CAF4FD3F-8BF3-4E20-96DE-CC092763297B}.Debug|Any CPU.ActiveCfg = Debug|Any CPU
		{CAF4FD3F-8BF3-4E20-96DE-CC092763297B}.Debug|Any CPU.Build.0 = Debug|Any CPU
		{CAF4FD3F-8BF3-4E20-96DE-CC092763297B}.Release|Any CPU.ActiveCfg = Release|Any CPU
		{CAF4FD3F-8BF3-4E20-96DE-CC092763297B}.Release|Any CPU.Build.0 = Release|Any CPU
		{68794A78-B902-4C26-95E3-BF72F36ED8DA}.Debug|Any CPU.ActiveCfg = Debug|Any CPU
		{68794A78-B902-4C26-95E3-BF72F36ED8DA}.Debug|Any CPU.Build.0 = Debug|Any CPU
		{68794A78-B902-4C26-95E3-BF72F36ED8DA}.Release|Any CPU.ActiveCfg = Release|Any CPU
		{68794A78-B902-4C26-95E3-BF72F36ED8DA}.Release|Any CPU.Build.0 = Release|Any CPU
		{FCEB4F71-A429-443B-8783-3B62F3A8145B}.Debug|Any CPU.ActiveCfg = Debug|Any CPU
		{FCEB4F71-A429-443B-8783-3B62F3A8145B}.Debug|Any CPU.Build.0 = Debug|Any CPU
		{FCEB4F71-A429-443B-8783-3B62F3A8145B}.Release|Any CPU.ActiveCfg = Release|Any CPU
		{FCEB4F71-A429-443B-8783-3B62F3A8145B}.Release|Any CPU.Build.0 = Release|Any CPU
		{3BB129F0-1012-46B8-A8C2-413FD602C9FC}.Debug|Any CPU.ActiveCfg = Debug|Any CPU
		{3BB129F0-1012-46B8-A8C2-413FD602C9FC}.Debug|Any CPU.Build.0 = Debug|Any CPU
		{3BB129F0-1012-46B8-A8C2-413FD602C9FC}.Release|Any CPU.ActiveCfg = Release|Any CPU
		{3BB129F0-1012-46B8-A8C2-413FD602C9FC}.Release|Any CPU.Build.0 = Release|Any CPU
		{D2AFD95F-EE12-4C70-84DE-A785A1ECA70A}.Debug|Any CPU.ActiveCfg = Debug|Any CPU
		{D2AFD95F-EE12-4C70-84DE-A785A1ECA70A}.Debug|Any CPU.Build.0 = Debug|Any CPU
		{D2AFD95F-EE12-4C70-84DE-A785A1ECA70A}.Release|Any CPU.ActiveCfg = Release|Any CPU
		{D2AFD95F-EE12-4C70-84DE-A785A1ECA70A}.Release|Any CPU.Build.0 = Release|Any CPU
		{EE27F504-E724-4552-9395-B10E9F97A499}.Debug|Any CPU.ActiveCfg = Debug|Any CPU
		{EE27F504-E724-4552-9395-B10E9F97A499}.Debug|Any CPU.Build.0 = Debug|Any CPU
		{EE27F504-E724-4552-9395-B10E9F97A499}.Release|Any CPU.ActiveCfg = Release|Any CPU
		{EE27F504-E724-4552-9395-B10E9F97A499}.Release|Any CPU.Build.0 = Release|Any CPU
		{66222973-CB33-41F3-A801-B376C2D22A7A}.Debug|Any CPU.ActiveCfg = Debug|Any CPU
		{66222973-CB33-41F3-A801-B376C2D22A7A}.Debug|Any CPU.Build.0 = Debug|Any CPU
		{66222973-CB33-41F3-A801-B376C2D22A7A}.Release|Any CPU.ActiveCfg = Release|Any CPU
		{66222973-CB33-41F3-A801-B376C2D22A7A}.Release|Any CPU.Build.0 = Release|Any CPU
		{25BE8713-2F41-4351-803F-20652CF7055A}.Debug|Any CPU.ActiveCfg = Debug|Any CPU
		{25BE8713-2F41-4351-803F-20652CF7055A}.Debug|Any CPU.Build.0 = Debug|Any CPU
		{25BE8713-2F41-4351-803F-20652CF7055A}.Release|Any CPU.ActiveCfg = Release|Any CPU
		{25BE8713-2F41-4351-803F-20652CF7055A}.Release|Any CPU.Build.0 = Release|Any CPU
		{D3225DD6-46E4-4241-84CB-614BBA72DCF9}.Debug|Any CPU.ActiveCfg = Debug|Any CPU
		{D3225DD6-46E4-4241-84CB-614BBA72DCF9}.Debug|Any CPU.Build.0 = Debug|Any CPU
		{D3225DD6-46E4-4241-84CB-614BBA72DCF9}.Release|Any CPU.ActiveCfg = Release|Any CPU
		{D3225DD6-46E4-4241-84CB-614BBA72DCF9}.Release|Any CPU.Build.0 = Release|Any CPU
		{4D5F57D4-C71B-4461-A9C0-236CCBD7263A}.Debug|Any CPU.ActiveCfg = Debug|Any CPU
		{4D5F57D4-C71B-4461-A9C0-236CCBD7263A}.Debug|Any CPU.Build.0 = Debug|Any CPU
		{4D5F57D4-C71B-4461-A9C0-236CCBD7263A}.Release|Any CPU.ActiveCfg = Release|Any CPU
		{4D5F57D4-C71B-4461-A9C0-236CCBD7263A}.Release|Any CPU.Build.0 = Release|Any CPU
		{144EA3F9-C45B-46C4-BA7C-653E4680B1FE}.Debug|Any CPU.ActiveCfg = Debug|Any CPU
		{144EA3F9-C45B-46C4-BA7C-653E4680B1FE}.Debug|Any CPU.Build.0 = Debug|Any CPU
		{144EA3F9-C45B-46C4-BA7C-653E4680B1FE}.Release|Any CPU.ActiveCfg = Release|Any CPU
		{144EA3F9-C45B-46C4-BA7C-653E4680B1FE}.Release|Any CPU.Build.0 = Release|Any CPU
		{AB41F057-5E8D-40FA-9A09-8FF0D3B40570}.Debug|Any CPU.ActiveCfg = Debug|Any CPU
		{AB41F057-5E8D-40FA-9A09-8FF0D3B40570}.Debug|Any CPU.Build.0 = Debug|Any CPU
		{AB41F057-5E8D-40FA-9A09-8FF0D3B40570}.Release|Any CPU.ActiveCfg = Release|Any CPU
		{AB41F057-5E8D-40FA-9A09-8FF0D3B40570}.Release|Any CPU.Build.0 = Release|Any CPU
		{892E85E0-835D-4818-8427-45CA3A6A2931}.Debug|Any CPU.ActiveCfg = Debug|Any CPU
		{892E85E0-835D-4818-8427-45CA3A6A2931}.Debug|Any CPU.Build.0 = Debug|Any CPU
		{892E85E0-835D-4818-8427-45CA3A6A2931}.Release|Any CPU.ActiveCfg = Release|Any CPU
		{892E85E0-835D-4818-8427-45CA3A6A2931}.Release|Any CPU.Build.0 = Release|Any CPU
		{62402727-EB52-4D2B-8F79-7A65F4CD103D}.Debug|Any CPU.ActiveCfg = Debug|Any CPU
		{62402727-EB52-4D2B-8F79-7A65F4CD103D}.Debug|Any CPU.Build.0 = Debug|Any CPU
		{62402727-EB52-4D2B-8F79-7A65F4CD103D}.Release|Any CPU.ActiveCfg = Release|Any CPU
		{62402727-EB52-4D2B-8F79-7A65F4CD103D}.Release|Any CPU.Build.0 = Release|Any CPU
		{D5E4D232-AD7C-4279-8864-B097B8C2F372}.Debug|Any CPU.ActiveCfg = Debug|Any CPU
		{D5E4D232-AD7C-4279-8864-B097B8C2F372}.Debug|Any CPU.Build.0 = Debug|Any CPU
		{D5E4D232-AD7C-4279-8864-B097B8C2F372}.Release|Any CPU.ActiveCfg = Release|Any CPU
		{D5E4D232-AD7C-4279-8864-B097B8C2F372}.Release|Any CPU.Build.0 = Release|Any CPU
		{F22C4AA2-8608-4394-BE58-E58510E23844}.Debug|Any CPU.ActiveCfg = Debug|Any CPU
		{F22C4AA2-8608-4394-BE58-E58510E23844}.Debug|Any CPU.Build.0 = Debug|Any CPU
		{F22C4AA2-8608-4394-BE58-E58510E23844}.Release|Any CPU.ActiveCfg = Release|Any CPU
		{F22C4AA2-8608-4394-BE58-E58510E23844}.Release|Any CPU.Build.0 = Release|Any CPU
		{7BD204A0-2775-4025-96C9-475965DB8113}.Debug|Any CPU.ActiveCfg = Debug|Any CPU
		{7BD204A0-2775-4025-96C9-475965DB8113}.Debug|Any CPU.Build.0 = Debug|Any CPU
		{7BD204A0-2775-4025-96C9-475965DB8113}.Release|Any CPU.ActiveCfg = Release|Any CPU
		{7BD204A0-2775-4025-96C9-475965DB8113}.Release|Any CPU.Build.0 = Release|Any CPU
		{63AA79D1-9E47-4270-9DBA-35A05E5F4882}.Debug|Any CPU.ActiveCfg = Debug|Any CPU
		{63AA79D1-9E47-4270-9DBA-35A05E5F4882}.Debug|Any CPU.Build.0 = Debug|Any CPU
		{63AA79D1-9E47-4270-9DBA-35A05E5F4882}.Release|Any CPU.ActiveCfg = Release|Any CPU
		{63AA79D1-9E47-4270-9DBA-35A05E5F4882}.Release|Any CPU.Build.0 = Release|Any CPU
		{2A95CF3B-2F44-474A-9441-D8708CAE702E}.Debug|Any CPU.ActiveCfg = Debug|Any CPU
		{2A95CF3B-2F44-474A-9441-D8708CAE702E}.Debug|Any CPU.Build.0 = Debug|Any CPU
		{2A95CF3B-2F44-474A-9441-D8708CAE702E}.Release|Any CPU.ActiveCfg = Release|Any CPU
		{2A95CF3B-2F44-474A-9441-D8708CAE702E}.Release|Any CPU.Build.0 = Release|Any CPU
		{0EE1A637-FDAC-4099-B454-BA5CECC223DB}.Debug|Any CPU.ActiveCfg = Debug|Any CPU
		{0EE1A637-FDAC-4099-B454-BA5CECC223DB}.Debug|Any CPU.Build.0 = Debug|Any CPU
		{0EE1A637-FDAC-4099-B454-BA5CECC223DB}.Release|Any CPU.ActiveCfg = Release|Any CPU
		{0EE1A637-FDAC-4099-B454-BA5CECC223DB}.Release|Any CPU.Build.0 = Release|Any CPU
		{A43B81CC-EE58-43DB-814E-F0C1E3763B3A}.Debug|Any CPU.ActiveCfg = Debug|Any CPU
		{A43B81CC-EE58-43DB-814E-F0C1E3763B3A}.Debug|Any CPU.Build.0 = Debug|Any CPU
		{A43B81CC-EE58-43DB-814E-F0C1E3763B3A}.Release|Any CPU.ActiveCfg = Release|Any CPU
		{A43B81CC-EE58-43DB-814E-F0C1E3763B3A}.Release|Any CPU.Build.0 = Release|Any CPU
		{996FA958-10CF-46EC-B07B-94A5F80D1F56}.Debug|Any CPU.ActiveCfg = Debug|Any CPU
		{996FA958-10CF-46EC-B07B-94A5F80D1F56}.Debug|Any CPU.Build.0 = Debug|Any CPU
		{996FA958-10CF-46EC-B07B-94A5F80D1F56}.Release|Any CPU.ActiveCfg = Release|Any CPU
		{996FA958-10CF-46EC-B07B-94A5F80D1F56}.Release|Any CPU.Build.0 = Release|Any CPU
		{9AB9C439-547B-4836-B931-254147530299}.Debug|Any CPU.ActiveCfg = Debug|Any CPU
		{9AB9C439-547B-4836-B931-254147530299}.Debug|Any CPU.Build.0 = Debug|Any CPU
		{9AB9C439-547B-4836-B931-254147530299}.Release|Any CPU.ActiveCfg = Release|Any CPU
		{9AB9C439-547B-4836-B931-254147530299}.Release|Any CPU.Build.0 = Release|Any CPU
		{C49947CB-4790-4430-826B-9655271BC930}.Debug|Any CPU.ActiveCfg = Debug|Any CPU
		{C49947CB-4790-4430-826B-9655271BC930}.Debug|Any CPU.Build.0 = Debug|Any CPU
		{C49947CB-4790-4430-826B-9655271BC930}.Release|Any CPU.ActiveCfg = Release|Any CPU
		{C49947CB-4790-4430-826B-9655271BC930}.Release|Any CPU.Build.0 = Release|Any CPU
		{9FB1136C-D58E-46C9-AB2B-85BC300A72D1}.Debug|Any CPU.ActiveCfg = Debug|Any CPU
		{9FB1136C-D58E-46C9-AB2B-85BC300A72D1}.Debug|Any CPU.Build.0 = Debug|Any CPU
		{9FB1136C-D58E-46C9-AB2B-85BC300A72D1}.Release|Any CPU.ActiveCfg = Release|Any CPU
		{9FB1136C-D58E-46C9-AB2B-85BC300A72D1}.Release|Any CPU.Build.0 = Release|Any CPU
		{A19BA891-4DB2-40F2-B3BF-0C2B933A6062}.Debug|Any CPU.ActiveCfg = Debug|Any CPU
		{A19BA891-4DB2-40F2-B3BF-0C2B933A6062}.Debug|Any CPU.Build.0 = Debug|Any CPU
		{A19BA891-4DB2-40F2-B3BF-0C2B933A6062}.Release|Any CPU.ActiveCfg = Release|Any CPU
		{A19BA891-4DB2-40F2-B3BF-0C2B933A6062}.Release|Any CPU.Build.0 = Release|Any CPU
		{2E9E7BAC-C1FB-473D-8200-DBA92F46E39F}.Debug|Any CPU.ActiveCfg = Debug|Any CPU
		{2E9E7BAC-C1FB-473D-8200-DBA92F46E39F}.Debug|Any CPU.Build.0 = Debug|Any CPU
		{2E9E7BAC-C1FB-473D-8200-DBA92F46E39F}.Release|Any CPU.ActiveCfg = Release|Any CPU
		{2E9E7BAC-C1FB-473D-8200-DBA92F46E39F}.Release|Any CPU.Build.0 = Release|Any CPU
		{134265A7-3C6A-4E09-8EF8-0FB9AEB112BB}.Debug|Any CPU.ActiveCfg = Debug|Any CPU
		{134265A7-3C6A-4E09-8EF8-0FB9AEB112BB}.Debug|Any CPU.Build.0 = Debug|Any CPU
		{134265A7-3C6A-4E09-8EF8-0FB9AEB112BB}.Release|Any CPU.ActiveCfg = Release|Any CPU
		{134265A7-3C6A-4E09-8EF8-0FB9AEB112BB}.Release|Any CPU.Build.0 = Release|Any CPU
	EndGlobalSection
	GlobalSection(SolutionProperties) = preSolution
		HideSolutionNode = FALSE
	EndGlobalSection
	GlobalSection(NestedProjects) = preSolution
		{20114E9D-A25A-4D2D-9DA4-BD77B8BD9915} = {F33A086A-EB27-4E2B-9132-471E040B7599}
		{A25E2EED-794E-4A6C-96DD-B4066CB20A5E} = {F33A086A-EB27-4E2B-9132-471E040B7599}
		{61E02C8B-E68C-434D-ACC4-18A11F5893CF} = {F33A086A-EB27-4E2B-9132-471E040B7599}
		{135063F7-0E1F-4182-80CD-0966CE48749B} = {0322D63B-4571-4FE2-B6EC-928082728FAD}
		{D11519D8-D0EB-43D3-B923-80E1BFA5C93D} = {0322D63B-4571-4FE2-B6EC-928082728FAD}
		{A3D7460A-61A1-4103-A94A-9AEEE82C45F9} = {0322D63B-4571-4FE2-B6EC-928082728FAD}
		{6D4345D6-E7B5-466F-8FCF-0E3016020DBA} = {52DBE10F-05F3-4386-BEF0-5D410B2ED889}
		{DF901A72-86AC-4270-B158-0F96F31FFC2E} = {52DBE10F-05F3-4386-BEF0-5D410B2ED889}
		{F9661706-9A7A-4DB5-B81E-FB7F80C11CD9} = {52DBE10F-05F3-4386-BEF0-5D410B2ED889}
		{2AB68D62-6B30-4873-99D4-962C60166DCD} = {52DBE10F-05F3-4386-BEF0-5D410B2ED889}
		{65A7A719-D6A7-412A-9299-12F818027D18} = {52DBE10F-05F3-4386-BEF0-5D410B2ED889}
		{FD55E64A-104F-44D3-B132-9F11726FA33F} = {7FED5146-4B5B-4475-B518-CF01DFF31BBD}
		{5EE0B5B1-9EEA-43A1-8B57-8BC92829CA73} = {7FED5146-4B5B-4475-B518-CF01DFF31BBD}
		{2FA49AAB-7A27-46EE-9FD6-10A4FD064755} = {7FED5146-4B5B-4475-B518-CF01DFF31BBD}
		{AB230C9F-1086-41AA-9805-C4D3B948D86C} = {4A3D9257-6A33-42E0-A13F-7D3728A1E534}
		{7B349DFA-DBF9-4C9C-B0A1-FFE90FF447E0} = {43693AB5-1478-41A5-83BF-E21AD6F73BA9}
		{95D2A723-BBF6-455B-BFBA-B15B392FABBA} = {43693AB5-1478-41A5-83BF-E21AD6F73BA9}
		{CAF4FD3F-8BF3-4E20-96DE-CC092763297B} = {61CC5530-89D8-4FAC-9FA7-C83FAB70309A}
		{68794A78-B902-4C26-95E3-BF72F36ED8DA} = {065688B6-CAC9-467C-97C9-4A8BF5FCDEDB}
		{FCEB4F71-A429-443B-8783-3B62F3A8145B} = {065688B6-CAC9-467C-97C9-4A8BF5FCDEDB}
		{3BB129F0-1012-46B8-A8C2-413FD602C9FC} = {065688B6-CAC9-467C-97C9-4A8BF5FCDEDB}
		{D2AFD95F-EE12-4C70-84DE-A785A1ECA70A} = {065688B6-CAC9-467C-97C9-4A8BF5FCDEDB}
		{EE27F504-E724-4552-9395-B10E9F97A499} = {065688B6-CAC9-467C-97C9-4A8BF5FCDEDB}
		{66222973-CB33-41F3-A801-B376C2D22A7A} = {065688B6-CAC9-467C-97C9-4A8BF5FCDEDB}
		{25BE8713-2F41-4351-803F-20652CF7055A} = {065688B6-CAC9-467C-97C9-4A8BF5FCDEDB}
		{D3225DD6-46E4-4241-84CB-614BBA72DCF9} = {B375674F-D747-4F1D-A918-1AB50408C8CA}
		{4D5F57D4-C71B-4461-A9C0-236CCBD7263A} = {975EAA66-DBFA-451C-97BD-8625C7EC4B17}
		{144EA3F9-C45B-46C4-BA7C-653E4680B1FE} = {4A3D9257-6A33-42E0-A13F-7D3728A1E534}
		{AB41F057-5E8D-40FA-9A09-8FF0D3B40570} = {4A3D9257-6A33-42E0-A13F-7D3728A1E534}
		{892E85E0-835D-4818-8427-45CA3A6A2931} = {4A3D9257-6A33-42E0-A13F-7D3728A1E534}
		{62402727-EB52-4D2B-8F79-7A65F4CD103D} = {AED952F9-BEDF-4094-8193-007FCEE9A92B}
		{D5E4D232-AD7C-4279-8864-B097B8C2F372} = {C1782507-451A-47DF-BEB2-0D2CF22AAF4D}
		{F22C4AA2-8608-4394-BE58-E58510E23844} = {C1782507-451A-47DF-BEB2-0D2CF22AAF4D}
		{7BD204A0-2775-4025-96C9-475965DB8113} = {C1782507-451A-47DF-BEB2-0D2CF22AAF4D}
		{63AA79D1-9E47-4270-9DBA-35A05E5F4882} = {C1782507-451A-47DF-BEB2-0D2CF22AAF4D}
		{2A95CF3B-2F44-474A-9441-D8708CAE702E} = {C1782507-451A-47DF-BEB2-0D2CF22AAF4D}
		{0EE1A637-FDAC-4099-B454-BA5CECC223DB} = {C1782507-451A-47DF-BEB2-0D2CF22AAF4D}
		{A43B81CC-EE58-43DB-814E-F0C1E3763B3A} = {9014FB87-FCFD-438E-9782-9B61F48A548A}
		{996FA958-10CF-46EC-B07B-94A5F80D1F56} = {9014FB87-FCFD-438E-9782-9B61F48A548A}
		{9AB9C439-547B-4836-B931-254147530299} = {B542F065-EB45-4C9B-A543-BED1806C3430}
		{C49947CB-4790-4430-826B-9655271BC930} = {B542F065-EB45-4C9B-A543-BED1806C3430}
		{9FB1136C-D58E-46C9-AB2B-85BC300A72D1} = {B542F065-EB45-4C9B-A543-BED1806C3430}
		{A19BA891-4DB2-40F2-B3BF-0C2B933A6062} = {B542F065-EB45-4C9B-A543-BED1806C3430}
		{2E9E7BAC-C1FB-473D-8200-DBA92F46E39F} = {B542F065-EB45-4C9B-A543-BED1806C3430}
		{134265A7-3C6A-4E09-8EF8-0FB9AEB112BB} = {B542F065-EB45-4C9B-A543-BED1806C3430}
	EndGlobalSection
	GlobalSection(ExtensibilityGlobals) = postSolution
		SolutionGuid = {A2BAA90E-2A0C-46FA-88DB-B385D1BE47EB}
	EndGlobalSection
EndGlobal
